
Microsoft Visual Studio Solution File, Format Version 12.00
# Visual Studio Version 17
VisualStudioVersion = 17.3.32825.248
MinimumVisualStudioVersion = 10.0.40219.1
Project("{FAE04EC0-301F-11D3-BF4B-00C04F79EFBC}") = "ResponsiAriq", "ResponsiAriq\ResponsiAriq.csproj", "{A3196A19-9D07-4B59-BC5E-145CF0E70263}"
EndProject
Global
	GlobalSection(SolutionConfigurationPlatforms) = preSolution
		Debug|Any CPU = Debug|Any CPU
		Release|Any CPU = Release|Any CPU
	EndGlobalSection
	GlobalSection(ProjectConfigurationPlatforms) = postSolution
		{A3196A19-9D07-4B59-BC5E-145CF0E70263}.Debug|Any CPU.ActiveCfg = Debug|Any CPU
		{A3196A19-9D07-4B59-BC5E-145CF0E70263}.Debug|Any CPU.Build.0 = Debug|Any CPU
		{A3196A19-9D07-4B59-BC5E-145CF0E70263}.Release|Any CPU.ActiveCfg = Release|Any CPU
		{A3196A19-9D07-4B59-BC5E-145CF0E70263}.Release|Any CPU.Build.0 = Release|Any CPU
	EndGlobalSection
	GlobalSection(SolutionProperties) = preSolution
		HideSolutionNode = FALSE
	EndGlobalSection
	GlobalSection(ExtensibilityGlobals) = postSolution
		SolutionGuid = {B09BBF1B-ECAE-4F1E-9CB7-30AC15CC8CD7}
	EndGlobalSection
EndGlobal
